
Microsoft Visual Studio Solution File, Format Version 12.00
# Visual Studio Version 17
VisualStudioVersion = 17.5.33424.131
MinimumVisualStudioVersion = 10.0.40219.1
Project("{9A19103F-16F7-4668-BE54-9A1E7A4F7556}") = "ThermoRawFileReader", "ThermoRawFileReader\ThermoRawFileReader.csproj", "{9A814C6C-BD10-4CE3-BD68-BB4774FB10A8}"
EndProject
Project("{FAE04EC0-301F-11D3-BF4B-00C04F79EFBC}") = "ThermoRawFileReaderUnitTests", "UnitTests\ThermoRawFileReaderUnitTests.csproj", "{ACADABB8-BF64-4FED-9157-E44BE88F9D1C}"
EndProject
Project("{FAE04EC0-301F-11D3-BF4B-00C04F79EFBC}") = "Test_ThermoRawFileReader", "Test_ThermoRawFileReader\Test_ThermoRawFileReader.csproj", "{EBAFAB40-68C9-473E-8B43-568F97DCC13E}"
EndProject
Project("{2150E333-8FDC-42A3-9474-1A3956D46DE8}") = "Solution Items", "Solution Items", "{4BE7F744-5FB3-46AA-9953-62B0FA31A982}"
	ProjectSection(SolutionItems) = preProject
		Readme.md = Readme.md
	EndProjectSection
EndProject
Project("{FAE04EC0-301F-11D3-BF4B-00C04F79EFBC}") = "Test_ThermoRawFileReader_NETStandard", "Test_ThermoRawFileReader_NETStandard\Test_ThermoRawFileReader_NETStandard.csproj", "{CECF0E66-04B2-46F8-946F-B48F25207D61}"
EndProject
Global
	GlobalSection(SolutionConfigurationPlatforms) = preSolution
		Debug|Any CPU = Debug|Any CPU
		Release|Any CPU = Release|Any CPU
	EndGlobalSection
	GlobalSection(ProjectConfigurationPlatforms) = postSolution
		{9A814C6C-BD10-4CE3-BD68-BB4774FB10A8}.Debug|Any CPU.ActiveCfg = Debug|Any CPU
		{9A814C6C-BD10-4CE3-BD68-BB4774FB10A8}.Debug|Any CPU.Build.0 = Debug|Any CPU
		{9A814C6C-BD10-4CE3-BD68-BB4774FB10A8}.Release|Any CPU.ActiveCfg = Release|Any CPU
		{9A814C6C-BD10-4CE3-BD68-BB4774FB10A8}.Release|Any CPU.Build.0 = Release|Any CPU
		{ACADABB8-BF64-4FED-9157-E44BE88F9D1C}.Debug|Any CPU.ActiveCfg = Debug|Any CPU
		{ACADABB8-BF64-4FED-9157-E44BE88F9D1C}.Debug|Any CPU.Build.0 = Debug|Any CPU
		{ACADABB8-BF64-4FED-9157-E44BE88F9D1C}.Release|Any CPU.ActiveCfg = Release|Any CPU
		{ACADABB8-BF64-4FED-9157-E44BE88F9D1C}.Release|Any CPU.Build.0 = Release|Any CPU
		{EBAFAB40-68C9-473E-8B43-568F97DCC13E}.Debug|Any CPU.ActiveCfg = Debug|Any CPU
		{EBAFAB40-68C9-473E-8B43-568F97DCC13E}.Debug|Any CPU.Build.0 = Debug|Any CPU
		{EBAFAB40-68C9-473E-8B43-568F97DCC13E}.Release|Any CPU.ActiveCfg = Release|Any CPU
		{EBAFAB40-68C9-473E-8B43-568F97DCC13E}.Release|Any CPU.Build.0 = Release|Any CPU
		{CECF0E66-04B2-46F8-946F-B48F25207D61}.Debug|Any CPU.ActiveCfg = Debug|Any CPU
		{CECF0E66-04B2-46F8-946F-B48F25207D61}.Debug|Any CPU.Build.0 = Debug|Any CPU
		{CECF0E66-04B2-46F8-946F-B48F25207D61}.Release|Any CPU.ActiveCfg = Release|Any CPU
		{CECF0E66-04B2-46F8-946F-B48F25207D61}.Release|Any CPU.Build.0 = Release|Any CPU
	EndGlobalSection
	GlobalSection(SolutionProperties) = preSolution
		HideSolutionNode = FALSE
	EndGlobalSection
	GlobalSection(ExtensibilityGlobals) = postSolution
		SolutionGuid = {8E800C2A-749A-4DEC-A356-758D99227EDD}
	EndGlobalSection
EndGlobal
